
Microsoft Visual Studio Solution File, Format Version 12.00
# Visual Studio Version 17
VisualStudioVersion = 17.6.33723.286
MinimumVisualStudioVersion = 10.0.40219.1
Project("{9A19103F-16F7-4668-BE54-9A1E7A4F7556}") = "swadesh", "swadesh.csproj", "{8B0A84FE-3439-45C3-901A-7FFAAC224A06}"
EndProject
Global
	GlobalSection(SolutionConfigurationPlatforms) = preSolution
		Debug|Any CPU = Debug|Any CPU
		Release|Any CPU = Release|Any CPU
	EndGlobalSection
	GlobalSection(ProjectConfigurationPlatforms) = postSolution
		{8B0A84FE-3439-45C3-901A-7FFAAC224A06}.Debug|Any CPU.ActiveCfg = Debug|Any CPU
		{8B0A84FE-3439-45C3-901A-7FFAAC224A06}.Debug|Any CPU.Build.0 = Debug|Any CPU
		{8B0A84FE-3439-45C3-901A-7FFAAC224A06}.Release|Any CPU.ActiveCfg = Release|Any CPU
		{8B0A84FE-3439-45C3-901A-7FFAAC224A06}.Release|Any CPU.Build.0 = Release|Any CPU
	EndGlobalSection
	GlobalSection(SolutionProperties) = preSolution
		HideSolutionNode = FALSE
	EndGlobalSection
	GlobalSection(ExtensibilityGlobals) = postSolution
		SolutionGuid = {FC6F9596-46FE-46D8-8AF3-444D814D7DF7}
	EndGlobalSection
EndGlobal
